
Microsoft Visual Studio Solution File, Format Version 12.00
# Visual Studio Version 16
VisualStudioVersion = 16.0.32126.315
MinimumVisualStudioVersion = 10.0.40219.1
Project("{FAE04EC0-301F-11D3-BF4B-00C04F79EFBC}") = "design CSLT2", "design CSLT2\design CSLT2.csproj", "{4C1C286B-62A7-41B5-B949-1D9E43012625}"
EndProject
Global
	GlobalSection(SolutionConfigurationPlatforms) = preSolution
		Debug|Any CPU = Debug|Any CPU
		Release|Any CPU = Release|Any CPU
	EndGlobalSection
	GlobalSection(ProjectConfigurationPlatforms) = postSolution
		{4C1C286B-62A7-41B5-B949-1D9E43012625}.Debug|Any CPU.ActiveCfg = Debug|Any CPU
		{4C1C286B-62A7-41B5-B949-1D9E43012625}.Debug|Any CPU.Build.0 = Debug|Any CPU
		{4C1C286B-62A7-41B5-B949-1D9E43012625}.Release|Any CPU.ActiveCfg = Release|Any CPU
		{4C1C286B-62A7-41B5-B949-1D9E43012625}.Release|Any CPU.Build.0 = Release|Any CPU
	EndGlobalSection
	GlobalSection(SolutionProperties) = preSolution
		HideSolutionNode = FALSE
	EndGlobalSection
	GlobalSection(ExtensibilityGlobals) = postSolution
		SolutionGuid = {28154E8D-5121-4A2C-8A22-99331261CAEE}
	EndGlobalSection
EndGlobal
